{
  "name": "mslfe-doku",
  "version": "1.0.1",
  "lockfileVersion": 1,
  "requires": true,
  "dependencies": {
    "medium-zoom": {
      "version": "1.0.5",
      "resolved": "https://registry.npmjs.org/medium-zoom/-/medium-zoom-1.0.5.tgz",
      "integrity": "sha512-aLGa6WlTuFKWvH88bqTrY5ztJMN+D0hd8UX6BYc4YSoPayppzETjZUcdVcksgaoQEMg4cZSmXPg846fTp2rjRQ==",
      "dev": true
    },
    "moment": {
      "version": "2.29.2",
      "resolved": "https://registry.npmjs.org/moment/-/moment-2.29.2.tgz",
      "integrity": "sha512-UgzG4rvxYpN15jgCmVJwac49h9ly9NurikMWGPdVxm8GZD6XjkKPxDTjQQ43gtGgnV3X0cAyWDdP2Wexoquifg=="
    },
    "vuepress-plugin-medium-zoom": {
      "version": "1.1.8",
      "resolved": "https://registry.npmjs.org/vuepress-plugin-medium-zoom/-/vuepress-plugin-medium-zoom-1.1.8.tgz",
      "integrity": "sha512-G6s/kDw7obUqaTNhg94+wbuMYPLmPRS4jZ8voJPO/SHyKq/myzDdTL9OzYq3EMVz/P1pROYhN+jNCT7KpdaAZg==",
      "dev": true,
      "requires": {
        "medium-zoom": "^1.0.4"
      }
    }
  }
}
