{
  "name": "mslfe-doku",
  "version": "0.0.1",
  "lockfileVersion": 1,
  "requires": true,
  "dependencies": {
    "medium-zoom": {
      "version": "1.0.5",
      "resolved": "https://registry.npmjs.org/medium-zoom/-/medium-zoom-1.0.5.tgz",
      "integrity": "sha512-aLGa6WlTuFKWvH88bqTrY5ztJMN+D0hd8UX6BYc4YSoPayppzETjZUcdVcksgaoQEMg4cZSmXPg846fTp2rjRQ==",
      "dev": true
    },
    "moment": {
      "version": "2.24.0",
      "resolved": "https://registry.npmjs.org/moment/-/moment-2.24.0.tgz",
      "integrity": "sha512-bV7f+6l2QigeBBZSM/6yTNq4P2fNpSWj/0e7jQcy87A8e7o2nAfP/34/2ky5Vw4B9S446EtIhodAzkFCcR4dQg=="
    },
    "vuepress-plugin-medium-zoom": {
      "version": "1.1.8",
      "resolved": "https://registry.npmjs.org/vuepress-plugin-medium-zoom/-/vuepress-plugin-medium-zoom-1.1.8.tgz",
      "integrity": "sha512-G6s/kDw7obUqaTNhg94+wbuMYPLmPRS4jZ8voJPO/SHyKq/myzDdTL9OzYq3EMVz/P1pROYhN+jNCT7KpdaAZg==",
      "dev": true,
      "requires": {
        "medium-zoom": "^1.0.4"
      }
    }
  }
}
